{
  "originHash" : "a47658087e2e5e6b3c641f3ead5c56fe15ca086206764434a34a347034ee2c54",
  "pins" : [
    {
      "identity" : "zerosettlekit",
      "kind" : "remoteSourceControl",
      "location" : "https://github.com/zerosettle/ZeroSettleKit.git",
      "state" : {
        "revision" : "9609e22c1b61ddc35102f96af5b35c3c5e7b7b97",
        "version" : "1.1.0"
      }
    }
  ],
  "version" : 3
}
