{
  "originHash" : "a47658087e2e5e6b3c641f3ead5c56fe15ca086206764434a34a347034ee2c54",
  "pins" : [
    {
      "identity" : "zerosettlekit",
      "kind" : "remoteSourceControl",
      "location" : "https://github.com/zerosettle/ZeroSettleKit.git",
      "state" : {
        "revision" : "8df71aaf00e6e0c28c8abd727b7188351443082d",
        "version" : "1.5.0"
      }
    }
  ],
  "version" : 3
}
